{
  "name": "example",
  "version": "1.0.0",
  "lockfileVersion": 2,
  "requires": true,
  "packages": {
    "": {
      "name": "example",
      "version": "1.0.0",
      "license": "ISC",
      "dependencies": {
        "tdsb-connects-api": "https://gitpkg.now.sh/Badbird5907/TDSB-Connects-API/javascript?master"
      },
      "devDependencies": {
        "typescript": "^4.9.4"
      }
    },
    "node_modules/@bitauth/libauth": {
      "version": "1.19.1",
      "resolved": "https://registry.npmjs.org/@bitauth/libauth/-/libauth-1.19.1.tgz",
      "integrity": "sha512-R524tD5VwOt3QRHr7N518nqTVR/HKgfWL4LypekcGuNQN8R4PWScvuRcRzrY39A28kLztMv+TJdiKuMNbkU1ug==",
      "engines": {
        "node": ">=8.9"
      }
    },
    "node_modules/axios": {
      "version": "0.19.2",
      "resolved": "https://registry.npmjs.org/axios/-/axios-0.19.2.tgz",
      "integrity": "sha512-fjgm5MvRHLhx+osE2xoekY70AhARk3a6hkN+3Io1jc00jtquGvxYlKlsFUhmUET0V5te6CcZI7lcv2Ym61mjHA==",
      "deprecated": "Critical security vulnerability fixed in v0.21.1. For more information, see https://github.com/axios/axios/pull/3410",
      "dependencies": {
        "follow-redirects": "1.5.10"
      }
    },
    "node_modules/debug": {
      "version": "3.1.0",
      "resolved": "https://registry.npmjs.org/debug/-/debug-3.1.0.tgz",
      "integrity": "sha512-OX8XqP7/1a9cqkxYw2yXss15f26NKWBpDXQd0/uK/KPqdQhxbPa994hnzjcE2VqQpDslf55723cKPUOGSmMY3g==",
      "dependencies": {
        "ms": "2.0.0"
      }
    },
    "node_modules/follow-redirects": {
      "version": "1.5.10",
      "resolved": "https://registry.npmjs.org/follow-redirects/-/follow-redirects-1.5.10.tgz",
      "integrity": "sha512-0V5l4Cizzvqt5D44aTXbFZz+FtyXV1vrDN6qrelxtfYQKW0KO0W2T/hkE8xvGa/540LkZlkaUjO4ailYTFtHVQ==",
      "dependencies": {
        "debug": "=3.1.0"
      },
      "engines": {
        "node": ">=4.0"
      }
    },
    "node_modules/json-typescript-mapper": {
      "version": "1.1.3",
      "resolved": "git+ssh://git@github.com/jf3096/json-typescript-mapper.git#f3159d2edceecb0df9e272b422a6eed424844d17",
      "integrity": "sha512-PdQDceD6AMm0fc8ErySqJEO1JK4hvmNuQI6Hrk/oa9AXuo/q/N9lAk3ybKeQMBkEXl4M/d2gXmMCiu0hSXtErw==",
      "license": "ISC",
      "dependencies": {
        "reflect-metadata": "^0.1.3"
      }
    },
    "node_modules/ms": {
      "version": "2.0.0",
      "resolved": "https://registry.npmjs.org/ms/-/ms-2.0.0.tgz",
      "integrity": "sha512-Tpp60P6IUJDTuOq/5Z8cdskzJujfwqfOTkrwIwj7IRISpnkJnT6SyJ4PCPnGMoFjC9ddhal5KVIYtAt97ix05A=="
    },
    "node_modules/reflect-metadata": {
      "version": "0.1.13",
      "resolved": "https://registry.npmjs.org/reflect-metadata/-/reflect-metadata-0.1.13.tgz",
      "integrity": "sha512-Ts1Y/anZELhSsjMcU605fU9RE4Oi3p5ORujwbIKXfWa+0Zxs510Qrmrce5/Jowq3cHSZSJqBjypxmHarc+vEWg=="
    },
    "node_modules/tdsb-connects-api": {
      "version": "1.0.0",
      "resolved": "https://gitpkg.now.sh/Badbird5907/TDSB-Connects-API/javascript?master",
      "integrity": "sha512-VxMp90DxBNO+NlfaT+jxUbwjjqcCTniGoSr+xbyL7NM04xwWHxmfZNaJ10nqov7ti/eTIfPmKw/8UQBRo8/zBA==",
      "license": "MIT",
      "dependencies": {
        "@bitauth/libauth": "^1.17.1",
        "axios": "^0.19.0",
        "json-typescript-mapper": "github:jf3096/json-typescript-mapper#f3159d2edceecb0df9e272b422a6eed424844d17"
      },
      "engines": {
        "node": ">=10"
      }
    },
    "node_modules/typescript": {
      "version": "4.9.4",
      "resolved": "https://registry.npmjs.org/typescript/-/typescript-4.9.4.tgz",
      "integrity": "sha512-Uz+dTXYzxXXbsFpM86Wh3dKCxrQqUcVMxwU54orwlJjOpO3ao8L7j5lH+dWfTwgCwIuM9GQ2kvVotzYJMXTBZg==",
      "dev": true,
      "bin": {
        "tsc": "bin/tsc",
        "tsserver": "bin/tsserver"
      },
      "engines": {
        "node": ">=4.2.0"
      }
    }
  },
  "dependencies": {
    "@bitauth/libauth": {
      "version": "1.19.1",
      "resolved": "https://registry.npmjs.org/@bitauth/libauth/-/libauth-1.19.1.tgz",
      "integrity": "sha512-R524tD5VwOt3QRHr7N518nqTVR/HKgfWL4LypekcGuNQN8R4PWScvuRcRzrY39A28kLztMv+TJdiKuMNbkU1ug=="
    },
    "axios": {
      "version": "0.19.2",
      "resolved": "https://registry.npmjs.org/axios/-/axios-0.19.2.tgz",
      "integrity": "sha512-fjgm5MvRHLhx+osE2xoekY70AhARk3a6hkN+3Io1jc00jtquGvxYlKlsFUhmUET0V5te6CcZI7lcv2Ym61mjHA==",
      "requires": {
        "follow-redirects": "1.5.10"
      }
    },
    "debug": {
      "version": "3.1.0",
      "resolved": "https://registry.npmjs.org/debug/-/debug-3.1.0.tgz",
      "integrity": "sha512-OX8XqP7/1a9cqkxYw2yXss15f26NKWBpDXQd0/uK/KPqdQhxbPa994hnzjcE2VqQpDslf55723cKPUOGSmMY3g==",
      "requires": {
        "ms": "2.0.0"
      }
    },
    "follow-redirects": {
      "version": "1.5.10",
      "resolved": "https://registry.npmjs.org/follow-redirects/-/follow-redirects-1.5.10.tgz",
      "integrity": "sha512-0V5l4Cizzvqt5D44aTXbFZz+FtyXV1vrDN6qrelxtfYQKW0KO0W2T/hkE8xvGa/540LkZlkaUjO4ailYTFtHVQ==",
      "requires": {
        "debug": "=3.1.0"
      }
    },
    "json-typescript-mapper": {
      "version": "git+ssh://git@github.com/jf3096/json-typescript-mapper.git#f3159d2edceecb0df9e272b422a6eed424844d17",
      "integrity": "sha512-PdQDceD6AMm0fc8ErySqJEO1JK4hvmNuQI6Hrk/oa9AXuo/q/N9lAk3ybKeQMBkEXl4M/d2gXmMCiu0hSXtErw==",
      "from": "json-typescript-mapper@github:jf3096/json-typescript-mapper#f3159d2edceecb0df9e272b422a6eed424844d17",
      "requires": {
        "reflect-metadata": "^0.1.3"
      }
    },
    "ms": {
      "version": "2.0.0",
      "resolved": "https://registry.npmjs.org/ms/-/ms-2.0.0.tgz",
      "integrity": "sha512-Tpp60P6IUJDTuOq/5Z8cdskzJujfwqfOTkrwIwj7IRISpnkJnT6SyJ4PCPnGMoFjC9ddhal5KVIYtAt97ix05A=="
    },
    "reflect-metadata": {
      "version": "0.1.13",
      "resolved": "https://registry.npmjs.org/reflect-metadata/-/reflect-metadata-0.1.13.tgz",
      "integrity": "sha512-Ts1Y/anZELhSsjMcU605fU9RE4Oi3p5ORujwbIKXfWa+0Zxs510Qrmrce5/Jowq3cHSZSJqBjypxmHarc+vEWg=="
    },
    "tdsb-connects-api": {
      "version": "https://gitpkg.now.sh/Badbird5907/TDSB-Connects-API/javascript?master",
      "integrity": "sha512-VxMp90DxBNO+NlfaT+jxUbwjjqcCTniGoSr+xbyL7NM04xwWHxmfZNaJ10nqov7ti/eTIfPmKw/8UQBRo8/zBA==",
      "requires": {
        "@bitauth/libauth": "^1.17.1",
        "axios": "^0.19.0",
        "json-typescript-mapper": "github:jf3096/json-typescript-mapper#f3159d2edceecb0df9e272b422a6eed424844d17"
      }
    },
    "typescript": {
      "version": "4.9.4",
      "resolved": "https://registry.npmjs.org/typescript/-/typescript-4.9.4.tgz",
      "integrity": "sha512-Uz+dTXYzxXXbsFpM86Wh3dKCxrQqUcVMxwU54orwlJjOpO3ao8L7j5lH+dWfTwgCwIuM9GQ2kvVotzYJMXTBZg==",
      "dev": true
    }
  }
}
